// !$*UTF8*$!
{
	archiveVersion = 1;
	classes = {
	};
	objectVersion = 50;
	objects = {

/* Begin PBXBuildFile section */
		2A349C1A2395827F0012AD58 /* LogItemTableViewCell.swift in Sources */ = {isa = PBXBuildFile; fileRef = 2A349C192395827F0012AD58 /* LogItemTableViewCell.swift */; };
		2A349C1C2395853D0012AD58 /* ProjectCollectionViewCell.swift in Sources */ = {isa = PBXBuildFile; fileRef = 2A349C1B2395853D0012AD58 /* ProjectCollectionViewCell.swift */; };
		2A349C21239723F00012AD58 /* ProjectDetailTableViewController.swift in Sources */ = {isa = PBXBuildFile; fileRef = 2A349C20239723F00012AD58 /* ProjectDetailTableViewController.swift */; };
		2A67DBF723984D540077B243 /* AddProjectViewController.swift in Sources */ = {isa = PBXBuildFile; fileRef = 2A67DBF623984D540077B243 /* AddProjectViewController.swift */; };
		2A67DBF9239875550077B243 /* Colors.swift in Sources */ = {isa = PBXBuildFile; fileRef = 2A67DBF8239875550077B243 /* Colors.swift */; };
		2A6DB141239F07FF00D12A0B /* MeetTheTeamTableViewController.swift in Sources */ = {isa = PBXBuildFile; fileRef = 2A6DB140239F07FF00D12A0B /* MeetTheTeamTableViewController.swift */; };
		2A6DB143239F17C600D12A0B /* PrivacyPolicyViewController.swift in Sources */ = {isa = PBXBuildFile; fileRef = 2A6DB142239F17C600D12A0B /* PrivacyPolicyViewController.swift */; };
		2A8155DF238C90A100B1859C /* Project.swift in Sources */ = {isa = PBXBuildFile; fileRef = 2A8155DE238C90A100B1859C /* Project.swift */; };
		2A8155E1238C961300B1859C /* Task.swift in Sources */ = {isa = PBXBuildFile; fileRef = 2A8155E0238C961300B1859C /* Task.swift */; };
		2A8155E5238C988D00B1859C /* ProjectControllers.swift in Sources */ = {isa = PBXBuildFile; fileRef = 2A8155E4238C988D00B1859C /* ProjectControllers.swift */; };
		2A8155E8238CA94400B1859C /* Managed.swift in Sources */ = {isa = PBXBuildFile; fileRef = 2A8155E7238CA94400B1859C /* Managed.swift */; };
		2A8155EA238D98C000B1859C /* TaskController.swift in Sources */ = {isa = PBXBuildFile; fileRef = 2A8155E9238D98C000B1859C /* TaskController.swift */; };
		2A833AF6239EB6CA00A2BCE2 /* Date+AsString.swift in Sources */ = {isa = PBXBuildFile; fileRef = 2A833AF5239EB6CA00A2BCE2 /* Date+AsString.swift */; };
		2AAAADE72399B3D9005A328E /* Decimal+AsCurrency.swift in Sources */ = {isa = PBXBuildFile; fileRef = 2AAAADE62399B3D9005A328E /* Decimal+AsCurrency.swift */; };
		2AAAADE92399B8D5005A328E /* ProjectDetailTableViewCell.swift in Sources */ = {isa = PBXBuildFile; fileRef = 2AAAADE82399B8D5005A328E /* ProjectDetailTableViewCell.swift */; };
		2AE76DA823A0181600C29D93 /* NotificationManager.swift in Sources */ = {isa = PBXBuildFile; fileRef = 2AE76DA723A0181600C29D93 /* NotificationManager.swift */; };
		441C07FE239597BC002BB48E /* HomeLayout.swift in Sources */ = {isa = PBXBuildFile; fileRef = 441C07FD239597BC002BB48E /* HomeLayout.swift */; };
		4433A0522385B805004AC1E7 /* NSManagedObjectContext+Extensions.swift in Sources */ = {isa = PBXBuildFile; fileRef = 4433A0512385B805004AC1E7 /* NSManagedObjectContext+Extensions.swift */; };
		4433A0552385C0BE004AC1E7 /* README.md in Resources */ = {isa = PBXBuildFile; fileRef = 4433A0542385C0BE004AC1E7 /* README.md */; };
		446812E7238C8B4F00CF522A /* Log.storyboard in Resources */ = {isa = PBXBuildFile; fileRef = 446812DF238C8B4F00CF522A /* Log.storyboard */; };
		446812E8238C8B4F00CF522A /* Settings.storyboard in Resources */ = {isa = PBXBuildFile; fileRef = 446812E1238C8B4F00CF522A /* Settings.storyboard */; };
		446812E9238C8B4F00CF522A /* Dashboard.storyboard in Resources */ = {isa = PBXBuildFile; fileRef = 446812E3238C8B4F00CF522A /* Dashboard.storyboard */; };
		446812EA238C8B4F00CF522A /* Home.storyboard in Resources */ = {isa = PBXBuildFile; fileRef = 446812E5238C8B4F00CF522A /* Home.storyboard */; };
		447743B3239F0D1900C1DBA4 /* ReplaceSegue.swift in Sources */ = {isa = PBXBuildFile; fileRef = 447743B2239F0D1900C1DBA4 /* ReplaceSegue.swift */; };
		44893CC5239CA7A900A5D2B2 /* LogTimeViewController.swift in Sources */ = {isa = PBXBuildFile; fileRef = 44893CC4239CA7A900A5D2B2 /* LogTimeViewController.swift */; };
		44893CC7239CA7BC00A5D2B2 /* TimerViewController.swift in Sources */ = {isa = PBXBuildFile; fileRef = 44893CC6239CA7BC00A5D2B2 /* TimerViewController.swift */; };
		44967572239DBC9E00D96842 /* UIAlertController+TemporaryAlert.swift in Sources */ = {isa = PBXBuildFile; fileRef = 44967571239DBC9E00D96842 /* UIAlertController+TemporaryAlert.swift */; };
		4496D6502385ADE800294710 /* AppDelegate.swift in Sources */ = {isa = PBXBuildFile; fileRef = 4496D64F2385ADE800294710 /* AppDelegate.swift */; };
		4496D6522385ADE800294710 /* SceneDelegate.swift in Sources */ = {isa = PBXBuildFile; fileRef = 4496D6512385ADE800294710 /* SceneDelegate.swift */; };
		4496D6572385ADE800294710 /* Main.storyboard in Resources */ = {isa = PBXBuildFile; fileRef = 4496D6552385ADE800294710 /* Main.storyboard */; };
		4496D65A2385ADE800294710 /* TimeCrumbs.xcdatamodeld in Sources */ = {isa = PBXBuildFile; fileRef = 4496D6582385ADE800294710 /* TimeCrumbs.xcdatamodeld */; };
		4496D65C2385ADEA00294710 /* Assets.xcassets in Resources */ = {isa = PBXBuildFile; fileRef = 4496D65B2385ADEA00294710 /* Assets.xcassets */; };
		4496D65F2385ADEA00294710 /* LaunchScreen.storyboard in Resources */ = {isa = PBXBuildFile; fileRef = 4496D65D2385ADEA00294710 /* LaunchScreen.storyboard */; };
		4496D66A2385ADEB00294710 /* TimeCrumbsTests.swift in Sources */ = {isa = PBXBuildFile; fileRef = 4496D6692385ADEB00294710 /* TimeCrumbsTests.swift */; };
		4496D6752385ADEB00294710 /* TimeCrumbsUITests.swift in Sources */ = {isa = PBXBuildFile; fileRef = 4496D6742385ADEB00294710 /* TimeCrumbsUITests.swift */; };
		449B3E53238D98D00091819D /* SettingsTableViewController.swift in Sources */ = {isa = PBXBuildFile; fileRef = 449B3E52238D98D00091819D /* SettingsTableViewController.swift */; };
		449B3E55238D99DC0091819D /* LogTableViewController.swift in Sources */ = {isa = PBXBuildFile; fileRef = 449B3E54238D99DC0091819D /* LogTableViewController.swift */; };
		449B3E57238D9B4F0091819D /* DashboardViewController.swift in Sources */ = {isa = PBXBuildFile; fileRef = 449B3E56238D9B4F0091819D /* DashboardViewController.swift */; };
		449B3E5B238DA4200091819D /* HomeViewController.swift in Sources */ = {isa = PBXBuildFile; fileRef = 449B3E5A238DA4200091819D /* HomeViewController.swift */; };
		449B3E5D238DA7DB0091819D /* CoreDataClient.swift in Sources */ = {isa = PBXBuildFile; fileRef = 449B3E5C238DA7DB0091819D /* CoreDataClient.swift */; };
		44A7EA6A2398512300B5E6E4 /* ExpandableCellProtocol.swift in Sources */ = {isa = PBXBuildFile; fileRef = 44A7EA692398512300B5E6E4 /* ExpandableCellProtocol.swift */; };
		44BE441C2395C7D0004F7811 /* ProjectCollectionViewCell.xib in Resources */ = {isa = PBXBuildFile; fileRef = 44BE441A2395C7D0004F7811 /* ProjectCollectionViewCell.xib */; };
		44FCE8CA238C994200F1DFA9 /* CloudKit.framework in Frameworks */ = {isa = PBXBuildFile; fileRef = 44FCE8C9238C994200F1DFA9 /* CloudKit.framework */; };
/* End PBXBuildFile section */

/* Begin PBXContainerItemProxy section */
		4496D6662385ADEB00294710 /* PBXContainerItemProxy */ = {
			isa = PBXContainerItemProxy;
			containerPortal = 4496D6442385ADE800294710 /* Project object */;
			proxyType = 1;
			remoteGlobalIDString = 4496D64B2385ADE800294710;
			remoteInfo = TimeCrumbs;
		};
		4496D6712385ADEB00294710 /* PBXContainerItemProxy */ = {
			isa = PBXContainerItemProxy;
			containerPortal = 4496D6442385ADE800294710 /* Project object */;
			proxyType = 1;
			remoteGlobalIDString = 4496D64B2385ADE800294710;
			remoteInfo = TimeCrumbs;
		};
/* End PBXContainerItemProxy section */

/* Begin PBXFileReference section */
		2A349C192395827F0012AD58 /* LogItemTableViewCell.swift */ = {isa = PBXFileReference; lastKnownFileType = sourcecode.swift; path = LogItemTableViewCell.swift; sourceTree = "<group>"; };
		2A349C1B2395853D0012AD58 /* ProjectCollectionViewCell.swift */ = {isa = PBXFileReference; lastKnownFileType = sourcecode.swift; path = ProjectCollectionViewCell.swift; sourceTree = "<group>"; };
		2A349C20239723F00012AD58 /* ProjectDetailTableViewController.swift */ = {isa = PBXFileReference; lastKnownFileType = sourcecode.swift; path = ProjectDetailTableViewController.swift; sourceTree = "<group>"; };
		2A67DBF623984D540077B243 /* AddProjectViewController.swift */ = {isa = PBXFileReference; lastKnownFileType = sourcecode.swift; path = AddProjectViewController.swift; sourceTree = "<group>"; };
		2A67DBF8239875550077B243 /* Colors.swift */ = {isa = PBXFileReference; lastKnownFileType = sourcecode.swift; path = Colors.swift; sourceTree = "<group>"; };
		2A6DB140239F07FF00D12A0B /* MeetTheTeamTableViewController.swift */ = {isa = PBXFileReference; lastKnownFileType = sourcecode.swift; path = MeetTheTeamTableViewController.swift; sourceTree = "<group>"; };
		2A6DB142239F17C600D12A0B /* PrivacyPolicyViewController.swift */ = {isa = PBXFileReference; lastKnownFileType = sourcecode.swift; path = PrivacyPolicyViewController.swift; sourceTree = "<group>"; };
		2A8155DE238C90A100B1859C /* Project.swift */ = {isa = PBXFileReference; lastKnownFileType = sourcecode.swift; path = Project.swift; sourceTree = "<group>"; };
		2A8155E0238C961300B1859C /* Task.swift */ = {isa = PBXFileReference; lastKnownFileType = sourcecode.swift; path = Task.swift; sourceTree = "<group>"; };
		2A8155E4238C988D00B1859C /* ProjectControllers.swift */ = {isa = PBXFileReference; lastKnownFileType = sourcecode.swift; path = ProjectControllers.swift; sourceTree = "<group>"; };
		2A8155E7238CA94400B1859C /* Managed.swift */ = {isa = PBXFileReference; lastKnownFileType = sourcecode.swift; path = Managed.swift; sourceTree = "<group>"; };
		2A8155E9238D98C000B1859C /* TaskController.swift */ = {isa = PBXFileReference; lastKnownFileType = sourcecode.swift; path = TaskController.swift; sourceTree = "<group>"; };
		2A833AF5239EB6CA00A2BCE2 /* Date+AsString.swift */ = {isa = PBXFileReference; lastKnownFileType = sourcecode.swift; path = "Date+AsString.swift"; sourceTree = "<group>"; };
		2AAAADE62399B3D9005A328E /* Decimal+AsCurrency.swift */ = {isa = PBXFileReference; lastKnownFileType = sourcecode.swift; path = "Decimal+AsCurrency.swift"; sourceTree = "<group>"; };
		2AAAADE82399B8D5005A328E /* ProjectDetailTableViewCell.swift */ = {isa = PBXFileReference; lastKnownFileType = sourcecode.swift; path = ProjectDetailTableViewCell.swift; sourceTree = "<group>"; };
		2AE76DA723A0181600C29D93 /* NotificationManager.swift */ = {isa = PBXFileReference; lastKnownFileType = sourcecode.swift; path = NotificationManager.swift; sourceTree = "<group>"; };
		441C07FD239597BC002BB48E /* HomeLayout.swift */ = {isa = PBXFileReference; lastKnownFileType = sourcecode.swift; path = HomeLayout.swift; sourceTree = "<group>"; };
		4433A0512385B805004AC1E7 /* NSManagedObjectContext+Extensions.swift */ = {isa = PBXFileReference; lastKnownFileType = sourcecode.swift; path = "NSManagedObjectContext+Extensions.swift"; sourceTree = "<group>"; };
		4433A0542385C0BE004AC1E7 /* README.md */ = {isa = PBXFileReference; fileEncoding = 4; lastKnownFileType = net.daringfireball.markdown; path = README.md; sourceTree = "<group>"; };
		446812E0238C8B4F00CF522A /* Base */ = {isa = PBXFileReference; lastKnownFileType = file.storyboard; name = Base; path = Base.lproj/Log.storyboard; sourceTree = "<group>"; };
		446812E2238C8B4F00CF522A /* Base */ = {isa = PBXFileReference; lastKnownFileType = file.storyboard; name = Base; path = Base.lproj/Settings.storyboard; sourceTree = "<group>"; };
		446812E4238C8B4F00CF522A /* Base */ = {isa = PBXFileReference; lastKnownFileType = file.storyboard; name = Base; path = Base.lproj/Dashboard.storyboard; sourceTree = "<group>"; };
		446812E6238C8B4F00CF522A /* Base */ = {isa = PBXFileReference; lastKnownFileType = file.storyboard; name = Base; path = Base.lproj/Home.storyboard; sourceTree = "<group>"; };
		447743B2239F0D1900C1DBA4 /* ReplaceSegue.swift */ = {isa = PBXFileReference; lastKnownFileType = sourcecode.swift; path = ReplaceSegue.swift; sourceTree = "<group>"; };
		44893CC4239CA7A900A5D2B2 /* LogTimeViewController.swift */ = {isa = PBXFileReference; lastKnownFileType = sourcecode.swift; path = LogTimeViewController.swift; sourceTree = "<group>"; };
		44893CC6239CA7BC00A5D2B2 /* TimerViewController.swift */ = {isa = PBXFileReference; lastKnownFileType = sourcecode.swift; path = TimerViewController.swift; sourceTree = "<group>"; };
		44967571239DBC9E00D96842 /* UIAlertController+TemporaryAlert.swift */ = {isa = PBXFileReference; lastKnownFileType = sourcecode.swift; path = "UIAlertController+TemporaryAlert.swift"; sourceTree = "<group>"; };
		4496D64C2385ADE800294710 /* TimeCrumbs.app */ = {isa = PBXFileReference; explicitFileType = wrapper.application; includeInIndex = 0; path = TimeCrumbs.app; sourceTree = BUILT_PRODUCTS_DIR; };
		4496D64F2385ADE800294710 /* AppDelegate.swift */ = {isa = PBXFileReference; lastKnownFileType = sourcecode.swift; path = AppDelegate.swift; sourceTree = "<group>"; };
		4496D6512385ADE800294710 /* SceneDelegate.swift */ = {isa = PBXFileReference; lastKnownFileType = sourcecode.swift; path = SceneDelegate.swift; sourceTree = "<group>"; };
		4496D6562385ADE800294710 /* Base */ = {isa = PBXFileReference; lastKnownFileType = file.storyboard; name = Base; path = Base.lproj/Main.storyboard; sourceTree = "<group>"; };
		4496D6592385ADE800294710 /* TimeCrumbs.xcdatamodel */ = {isa = PBXFileReference; lastKnownFileType = wrapper.xcdatamodel; path = TimeCrumbs.xcdatamodel; sourceTree = "<group>"; };
		4496D65B2385ADEA00294710 /* Assets.xcassets */ = {isa = PBXFileReference; lastKnownFileType = folder.assetcatalog; path = Assets.xcassets; sourceTree = "<group>"; };
		4496D65E2385ADEA00294710 /* Base */ = {isa = PBXFileReference; lastKnownFileType = file.storyboard; name = Base; path = Base.lproj/LaunchScreen.storyboard; sourceTree = "<group>"; };
		4496D6602385ADEA00294710 /* Info.plist */ = {isa = PBXFileReference; lastKnownFileType = text.plist.xml; path = Info.plist; sourceTree = "<group>"; };
		4496D6652385ADEB00294710 /* TimeCrumbsTests.xctest */ = {isa = PBXFileReference; explicitFileType = wrapper.cfbundle; includeInIndex = 0; path = TimeCrumbsTests.xctest; sourceTree = BUILT_PRODUCTS_DIR; };
		4496D6692385ADEB00294710 /* TimeCrumbsTests.swift */ = {isa = PBXFileReference; lastKnownFileType = sourcecode.swift; path = TimeCrumbsTests.swift; sourceTree = "<group>"; };
		4496D66B2385ADEB00294710 /* Info.plist */ = {isa = PBXFileReference; lastKnownFileType = text.plist.xml; path = Info.plist; sourceTree = "<group>"; };
		4496D6702385ADEB00294710 /* TimeCrumbsUITests.xctest */ = {isa = PBXFileReference; explicitFileType = wrapper.cfbundle; includeInIndex = 0; path = TimeCrumbsUITests.xctest; sourceTree = BUILT_PRODUCTS_DIR; };
		4496D6742385ADEB00294710 /* TimeCrumbsUITests.swift */ = {isa = PBXFileReference; lastKnownFileType = sourcecode.swift; path = TimeCrumbsUITests.swift; sourceTree = "<group>"; };
		4496D6762385ADEB00294710 /* Info.plist */ = {isa = PBXFileReference; lastKnownFileType = text.plist.xml; path = Info.plist; sourceTree = "<group>"; };
		449B3E52238D98D00091819D /* SettingsTableViewController.swift */ = {isa = PBXFileReference; lastKnownFileType = sourcecode.swift; path = SettingsTableViewController.swift; sourceTree = "<group>"; };
		449B3E54238D99DC0091819D /* LogTableViewController.swift */ = {isa = PBXFileReference; lastKnownFileType = sourcecode.swift; path = LogTableViewController.swift; sourceTree = "<group>"; };
		449B3E56238D9B4F0091819D /* DashboardViewController.swift */ = {isa = PBXFileReference; lastKnownFileType = sourcecode.swift; path = DashboardViewController.swift; sourceTree = "<group>"; };
		449B3E5A238DA4200091819D /* HomeViewController.swift */ = {isa = PBXFileReference; lastKnownFileType = sourcecode.swift; path = HomeViewController.swift; sourceTree = "<group>"; };
		449B3E5C238DA7DB0091819D /* CoreDataClient.swift */ = {isa = PBXFileReference; lastKnownFileType = sourcecode.swift; path = CoreDataClient.swift; sourceTree = "<group>"; };
		44A7EA692398512300B5E6E4 /* ExpandableCellProtocol.swift */ = {isa = PBXFileReference; lastKnownFileType = sourcecode.swift; path = ExpandableCellProtocol.swift; sourceTree = "<group>"; };
		44BE441A2395C7D0004F7811 /* ProjectCollectionViewCell.xib */ = {isa = PBXFileReference; lastKnownFileType = file.xib; path = ProjectCollectionViewCell.xib; sourceTree = "<group>"; };
		44FCE8C7238C993C00F1DFA9 /* TimeCrumbs.entitlements */ = {isa = PBXFileReference; lastKnownFileType = text.plist.entitlements; path = TimeCrumbs.entitlements; sourceTree = "<group>"; };
		44FCE8C9238C994200F1DFA9 /* CloudKit.framework */ = {isa = PBXFileReference; lastKnownFileType = wrapper.framework; name = CloudKit.framework; path = System/Library/Frameworks/CloudKit.framework; sourceTree = SDKROOT; };
/* End PBXFileReference section */

/* Begin PBXFrameworksBuildPhase section */
		4496D6492385ADE800294710 /* Frameworks */ = {
			isa = PBXFrameworksBuildPhase;
			buildActionMask = 2147483647;
			files = (
				44FCE8CA238C994200F1DFA9 /* CloudKit.framework in Frameworks */,
			);
			runOnlyForDeploymentPostprocessing = 0;
		};
		4496D6622385ADEB00294710 /* Frameworks */ = {
			isa = PBXFrameworksBuildPhase;
			buildActionMask = 2147483647;
			files = (
			);
			runOnlyForDeploymentPostprocessing = 0;
		};
		4496D66D2385ADEB00294710 /* Frameworks */ = {
			isa = PBXFrameworksBuildPhase;
			buildActionMask = 2147483647;
			files = (
			);
			runOnlyForDeploymentPostprocessing = 0;
		};
/* End PBXFrameworksBuildPhase section */

/* Begin PBXGroup section */
		2A349C1D239585480012AD58 /* Custom Cells */ = {
			isa = PBXGroup;
			children = (
				2A349C1B2395853D0012AD58 /* ProjectCollectionViewCell.swift */,
				44BE441A2395C7D0004F7811 /* ProjectCollectionViewCell.xib */,
				2AAAADE82399B8D5005A328E /* ProjectDetailTableViewCell.swift */,
				2A349C192395827F0012AD58 /* LogItemTableViewCell.swift */,
			);
			path = "Custom Cells";
			sourceTree = "<group>";
		};
		2A8155DD238C7FFB00B1859C /* Model Controllers */ = {
			isa = PBXGroup;
			children = (
				2A8155E4238C988D00B1859C /* ProjectControllers.swift */,
				2A8155E9238D98C000B1859C /* TaskController.swift */,
			);
			path = "Model Controllers";
			sourceTree = "<group>";
		};
		2A8155E6238CA91B00B1859C /* Helpers */ = {
			isa = PBXGroup;
			children = (
				2A8155E7238CA94400B1859C /* Managed.swift */,
				449B3E5C238DA7DB0091819D /* CoreDataClient.swift */,
				44A7EA692398512300B5E6E4 /* ExpandableCellProtocol.swift */,
				2A67DBF8239875550077B243 /* Colors.swift */,
				447743B2239F0D1900C1DBA4 /* ReplaceSegue.swift */,
				2AE76DA723A0181600C29D93 /* NotificationManager.swift */,
			);
			path = Helpers;
			sourceTree = "<group>";
		};
		441C07FA23959778002BB48E /* Layouts */ = {
			isa = PBXGroup;
			children = (
				441C07FD239597BC002BB48E /* HomeLayout.swift */,
			);
			path = Layouts;
			sourceTree = "<group>";
		};
		4433A0532385B809004AC1E7 /* Extensions */ = {
			isa = PBXGroup;
			children = (
				4433A0512385B805004AC1E7 /* NSManagedObjectContext+Extensions.swift */,
				2AAAADE62399B3D9005A328E /* Decimal+AsCurrency.swift */,
				44967571239DBC9E00D96842 /* UIAlertController+TemporaryAlert.swift */,
				2A833AF5239EB6CA00A2BCE2 /* Date+AsString.swift */,
			);
			path = Extensions;
			sourceTree = "<group>";
		};
		4496D6432385ADE800294710 = {
			isa = PBXGroup;
			children = (
				4433A0542385C0BE004AC1E7 /* README.md */,
				4496D64E2385ADE800294710 /* TimeCrumbs */,
				4496D6682385ADEB00294710 /* TimeCrumbsTests */,
				4496D6732385ADEB00294710 /* TimeCrumbsUITests */,
				4496D64D2385ADE800294710 /* Products */,
				44FCE8C8238C994200F1DFA9 /* Frameworks */,
			);
			sourceTree = "<group>";
		};
		4496D64D2385ADE800294710 /* Products */ = {
			isa = PBXGroup;
			children = (
				4496D64C2385ADE800294710 /* TimeCrumbs.app */,
				4496D6652385ADEB00294710 /* TimeCrumbsTests.xctest */,
				4496D6702385ADEB00294710 /* TimeCrumbsUITests.xctest */,
			);
			name = Products;
			sourceTree = "<group>";
		};
		4496D64E2385ADE800294710 /* TimeCrumbs */ = {
			isa = PBXGroup;
			children = (
				44FCE8C7238C993C00F1DFA9 /* TimeCrumbs.entitlements */,
				449C5A1F2385B235007828C7 /* Model */,
				2A8155DD238C7FFB00B1859C /* Model Controllers */,
				44B4EBB12385B28C00BEA8FA /* View Controllers */,
				2A349C1D239585480012AD58 /* Custom Cells */,
				441C07FA23959778002BB48E /* Layouts */,
				44B4EBB22385B29100BEA8FA /* Storyboards */,
				2A8155E6238CA91B00B1859C /* Helpers */,
				4433A0532385B809004AC1E7 /* Extensions */,
				449C5A202385B25B007828C7 /* Supporting Files */,
			);
			path = TimeCrumbs;
			sourceTree = "<group>";
		};
		4496D6682385ADEB00294710 /* TimeCrumbsTests */ = {
			isa = PBXGroup;
			children = (
				4496D6692385ADEB00294710 /* TimeCrumbsTests.swift */,
				4496D66B2385ADEB00294710 /* Info.plist */,
			);
			path = TimeCrumbsTests;
			sourceTree = "<group>";
		};
		4496D6732385ADEB00294710 /* TimeCrumbsUITests */ = {
			isa = PBXGroup;
			children = (
				4496D6742385ADEB00294710 /* TimeCrumbsUITests.swift */,
				4496D6762385ADEB00294710 /* Info.plist */,
			);
			path = TimeCrumbsUITests;
			sourceTree = "<group>";
		};
		449C5A1F2385B235007828C7 /* Model */ = {
			isa = PBXGroup;
			children = (
				4496D6582385ADE800294710 /* TimeCrumbs.xcdatamodeld */,
				2A8155DE238C90A100B1859C /* Project.swift */,
				2A8155E0238C961300B1859C /* Task.swift */,
			);
			path = Model;
			sourceTree = "<group>";
		};
		449C5A202385B25B007828C7 /* Supporting Files */ = {
			isa = PBXGroup;
			children = (
				4496D64F2385ADE800294710 /* AppDelegate.swift */,
				4496D6512385ADE800294710 /* SceneDelegate.swift */,
				4496D65B2385ADEA00294710 /* Assets.xcassets */,
				4496D65D2385ADEA00294710 /* LaunchScreen.storyboard */,
				4496D6602385ADEA00294710 /* Info.plist */,
			);
			path = "Supporting Files";
			sourceTree = "<group>";
		};
		44B4EBB12385B28C00BEA8FA /* View Controllers */ = {
			isa = PBXGroup;
			children = (
				449B3E5A238DA4200091819D /* HomeViewController.swift */,
				44893CC4239CA7A900A5D2B2 /* LogTimeViewController.swift */,
				44893CC6239CA7BC00A5D2B2 /* TimerViewController.swift */,
				2A349C20239723F00012AD58 /* ProjectDetailTableViewController.swift */,
				449B3E56238D9B4F0091819D /* DashboardViewController.swift */,
				449B3E54238D99DC0091819D /* LogTableViewController.swift */,
				449B3E52238D98D00091819D /* SettingsTableViewController.swift */,
				2A67DBF623984D540077B243 /* AddProjectViewController.swift */,
				2A6DB140239F07FF00D12A0B /* MeetTheTeamTableViewController.swift */,
				2A6DB142239F17C600D12A0B /* PrivacyPolicyViewController.swift */,
			);
			path = "View Controllers";
			sourceTree = "<group>";
		};
		44B4EBB22385B29100BEA8FA /* Storyboards */ = {
			isa = PBXGroup;
			children = (
				4496D6552385ADE800294710 /* Main.storyboard */,
				446812E5238C8B4F00CF522A /* Home.storyboard */,
				446812E3238C8B4F00CF522A /* Dashboard.storyboard */,
				446812DF238C8B4F00CF522A /* Log.storyboard */,
				446812E1238C8B4F00CF522A /* Settings.storyboard */,
			);
			path = Storyboards;
			sourceTree = "<group>";
		};
		44FCE8C8238C994200F1DFA9 /* Frameworks */ = {
			isa = PBXGroup;
			children = (
				44FCE8C9238C994200F1DFA9 /* CloudKit.framework */,
			);
			name = Frameworks;
			sourceTree = "<group>";
		};
/* End PBXGroup section */

/* Begin PBXNativeTarget section */
		4496D64B2385ADE800294710 /* TimeCrumbs */ = {
			isa = PBXNativeTarget;
			buildConfigurationList = 4496D6792385ADEB00294710 /* Build configuration list for PBXNativeTarget "TimeCrumbs" */;
			buildPhases = (
				4496D6482385ADE800294710 /* Sources */,
				4496D6492385ADE800294710 /* Frameworks */,
				4496D64A2385ADE800294710 /* Resources */,
			);
			buildRules = (
			);
			dependencies = (
			);
			name = TimeCrumbs;
			packageProductDependencies = (
			);
			productName = TimeCrumbs;
			productReference = 4496D64C2385ADE800294710 /* TimeCrumbs.app */;
			productType = "com.apple.product-type.application";
		};
		4496D6642385ADEB00294710 /* TimeCrumbsTests */ = {
			isa = PBXNativeTarget;
			buildConfigurationList = 4496D67C2385ADEB00294710 /* Build configuration list for PBXNativeTarget "TimeCrumbsTests" */;
			buildPhases = (
				4496D6612385ADEB00294710 /* Sources */,
				4496D6622385ADEB00294710 /* Frameworks */,
				4496D6632385ADEB00294710 /* Resources */,
			);
			buildRules = (
			);
			dependencies = (
				4496D6672385ADEB00294710 /* PBXTargetDependency */,
			);
			name = TimeCrumbsTests;
			productName = TimeCrumbsTests;
			productReference = 4496D6652385ADEB00294710 /* TimeCrumbsTests.xctest */;
			productType = "com.apple.product-type.bundle.unit-test";
		};
		4496D66F2385ADEB00294710 /* TimeCrumbsUITests */ = {
			isa = PBXNativeTarget;
			buildConfigurationList = 4496D67F2385ADEB00294710 /* Build configuration list for PBXNativeTarget "TimeCrumbsUITests" */;
			buildPhases = (
				4496D66C2385ADEB00294710 /* Sources */,
				4496D66D2385ADEB00294710 /* Frameworks */,
				4496D66E2385ADEB00294710 /* Resources */,
			);
			buildRules = (
			);
			dependencies = (
				4496D6722385ADEB00294710 /* PBXTargetDependency */,
			);
			name = TimeCrumbsUITests;
			productName = TimeCrumbsUITests;
			productReference = 4496D6702385ADEB00294710 /* TimeCrumbsUITests.xctest */;
			productType = "com.apple.product-type.bundle.ui-testing";
		};
/* End PBXNativeTarget section */

/* Begin PBXProject section */
		4496D6442385ADE800294710 /* Project object */ = {
			isa = PBXProject;
			attributes = {
				LastSwiftUpdateCheck = 1120;
				LastUpgradeCheck = 1120;
				ORGANIZATIONNAME = "Landon Epps";
				TargetAttributes = {
					4496D64B2385ADE800294710 = {
						CreatedOnToolsVersion = 11.2.1;
					};
					4496D6642385ADEB00294710 = {
						CreatedOnToolsVersion = 11.2.1;
						TestTargetID = 4496D64B2385ADE800294710;
					};
					4496D66F2385ADEB00294710 = {
						CreatedOnToolsVersion = 11.2.1;
						TestTargetID = 4496D64B2385ADE800294710;
					};
				};
			};
			buildConfigurationList = 4496D6472385ADE800294710 /* Build configuration list for PBXProject "TimeCrumbs" */;
			compatibilityVersion = "Xcode 9.3";
			developmentRegion = en;
			hasScannedForEncodings = 0;
			knownRegions = (
				en,
				Base,
			);
			mainGroup = 4496D6432385ADE800294710;
			packageReferences = (
			);
			productRefGroup = 4496D64D2385ADE800294710 /* Products */;
			projectDirPath = "";
			projectRoot = "";
			targets = (
				4496D64B2385ADE800294710 /* TimeCrumbs */,
				4496D6642385ADEB00294710 /* TimeCrumbsTests */,
				4496D66F2385ADEB00294710 /* TimeCrumbsUITests */,
			);
		};
/* End PBXProject section */

/* Begin PBXResourcesBuildPhase section */
		4496D64A2385ADE800294710 /* Resources */ = {
			isa = PBXResourcesBuildPhase;
			buildActionMask = 2147483647;
			files = (
				4496D65F2385ADEA00294710 /* LaunchScreen.storyboard in Resources */,
				4496D65C2385ADEA00294710 /* Assets.xcassets in Resources */,
				4433A0552385C0BE004AC1E7 /* README.md in Resources */,
				446812E8238C8B4F00CF522A /* Settings.storyboard in Resources */,
				44BE441C2395C7D0004F7811 /* ProjectCollectionViewCell.xib in Resources */,
				4496D6572385ADE800294710 /* Main.storyboard in Resources */,
				446812E9238C8B4F00CF522A /* Dashboard.storyboard in Resources */,
				446812E7238C8B4F00CF522A /* Log.storyboard in Resources */,
				446812EA238C8B4F00CF522A /* Home.storyboard in Resources */,
			);
			runOnlyForDeploymentPostprocessing = 0;
		};
		4496D6632385ADEB00294710 /* Resources */ = {
			isa = PBXResourcesBuildPhase;
			buildActionMask = 2147483647;
			files = (
			);
			runOnlyForDeploymentPostprocessing = 0;
		};
		4496D66E2385ADEB00294710 /* Resources */ = {
			isa = PBXResourcesBuildPhase;
			buildActionMask = 2147483647;
			files = (
			);
			runOnlyForDeploymentPostprocessing = 0;
		};
/* End PBXResourcesBuildPhase section */

/* Begin PBXSourcesBuildPhase section */
		4496D6482385ADE800294710 /* Sources */ = {
			isa = PBXSourcesBuildPhase;
			buildActionMask = 2147483647;
			files = (
				44967572239DBC9E00D96842 /* UIAlertController+TemporaryAlert.swift in Sources */,
				2A833AF6239EB6CA00A2BCE2 /* Date+AsString.swift in Sources */,
				449B3E55238D99DC0091819D /* LogTableViewController.swift in Sources */,
				447743B3239F0D1900C1DBA4 /* ReplaceSegue.swift in Sources */,
				2A349C21239723F00012AD58 /* ProjectDetailTableViewController.swift in Sources */,
				4496D6502385ADE800294710 /* AppDelegate.swift in Sources */,
				2A349C1A2395827F0012AD58 /* LogItemTableViewCell.swift in Sources */,
				44893CC5239CA7A900A5D2B2 /* LogTimeViewController.swift in Sources */,
				4496D65A2385ADE800294710 /* TimeCrumbs.xcdatamodeld in Sources */,
				44A7EA6A2398512300B5E6E4 /* ExpandableCellProtocol.swift in Sources */,
				449B3E53238D98D00091819D /* SettingsTableViewController.swift in Sources */,
				4496D6522385ADE800294710 /* SceneDelegate.swift in Sources */,
				2AAAADE72399B3D9005A328E /* Decimal+AsCurrency.swift in Sources */,
				44893CC7239CA7BC00A5D2B2 /* TimerViewController.swift in Sources */,
				4433A0522385B805004AC1E7 /* NSManagedObjectContext+Extensions.swift in Sources */,
				449B3E57238D9B4F0091819D /* DashboardViewController.swift in Sources */,
				441C07FE239597BC002BB48E /* HomeLayout.swift in Sources */,
				449B3E5D238DA7DB0091819D /* CoreDataClient.swift in Sources */,
				2A6DB141239F07FF00D12A0B /* MeetTheTeamTableViewController.swift in Sources */,
				2A67DBF723984D540077B243 /* AddProjectViewController.swift in Sources */,
				2A67DBF9239875550077B243 /* Colors.swift in Sources */,
				2AE76DA823A0181600C29D93 /* NotificationManager.swift in Sources */,
				2AAAADE92399B8D5005A328E /* ProjectDetailTableViewCell.swift in Sources */,
				2A8155E1238C961300B1859C /* Task.swift in Sources */,
				2A8155E5238C988D00B1859C /* ProjectControllers.swift in Sources */,
				2A8155EA238D98C000B1859C /* TaskController.swift in Sources */,
				2A8155DF238C90A100B1859C /* Project.swift in Sources */,
				2A349C1C2395853D0012AD58 /* ProjectCollectionViewCell.swift in Sources */,
				2A6DB143239F17C600D12A0B /* PrivacyPolicyViewController.swift in Sources */,
				449B3E5B238DA4200091819D /* HomeViewController.swift in Sources */,
				2A8155E8238CA94400B1859C /* Managed.swift in Sources */,
			);
			runOnlyForDeploymentPostprocessing = 0;
		};
		4496D6612385ADEB00294710 /* Sources */ = {
			isa = PBXSourcesBuildPhase;
			buildActionMask = 2147483647;
			files = (
				4496D66A2385ADEB00294710 /* TimeCrumbsTests.swift in Sources */,
			);
			runOnlyForDeploymentPostprocessing = 0;
		};
		4496D66C2385ADEB00294710 /* Sources */ = {
			isa = PBXSourcesBuildPhase;
			buildActionMask = 2147483647;
			files = (
				4496D6752385ADEB00294710 /* TimeCrumbsUITests.swift in Sources */,
			);
			runOnlyForDeploymentPostprocessing = 0;
		};
/* End PBXSourcesBuildPhase section */

/* Begin PBXTargetDependency section */
		4496D6672385ADEB00294710 /* PBXTargetDependency */ = {
			isa = PBXTargetDependency;
			target = 4496D64B2385ADE800294710 /* TimeCrumbs */;
			targetProxy = 4496D6662385ADEB00294710 /* PBXContainerItemProxy */;
		};
		4496D6722385ADEB00294710 /* PBXTargetDependency */ = {
			isa = PBXTargetDependency;
			target = 4496D64B2385ADE800294710 /* TimeCrumbs */;
			targetProxy = 4496D6712385ADEB00294710 /* PBXContainerItemProxy */;
		};
/* End PBXTargetDependency section */

/* Begin PBXVariantGroup section */
		446812DF238C8B4F00CF522A /* Log.storyboard */ = {
			isa = PBXVariantGroup;
			children = (
				446812E0238C8B4F00CF522A /* Base */,
			);
			name = Log.storyboard;
			sourceTree = "<group>";
		};
		446812E1238C8B4F00CF522A /* Settings.storyboard */ = {
			isa = PBXVariantGroup;
			children = (
				446812E2238C8B4F00CF522A /* Base */,
			);
			name = Settings.storyboard;
			sourceTree = "<group>";
		};
		446812E3238C8B4F00CF522A /* Dashboard.storyboard */ = {
			isa = PBXVariantGroup;
			children = (
				446812E4238C8B4F00CF522A /* Base */,
			);
			name = Dashboard.storyboard;
			sourceTree = "<group>";
		};
		446812E5238C8B4F00CF522A /* Home.storyboard */ = {
			isa = PBXVariantGroup;
			children = (
				446812E6238C8B4F00CF522A /* Base */,
			);
			name = Home.storyboard;
			sourceTree = "<group>";
		};
		4496D6552385ADE800294710 /* Main.storyboard */ = {
			isa = PBXVariantGroup;
			children = (
				4496D6562385ADE800294710 /* Base */,
			);
			name = Main.storyboard;
			sourceTree = "<group>";
		};
		4496D65D2385ADEA00294710 /* LaunchScreen.storyboard */ = {
			isa = PBXVariantGroup;
			children = (
				4496D65E2385ADEA00294710 /* Base */,
			);
			name = LaunchScreen.storyboard;
			sourceTree = "<group>";
		};
/* End PBXVariantGroup section */

/* Begin XCBuildConfiguration section */
		4496D6772385ADEB00294710 /* Debug */ = {
			isa = XCBuildConfiguration;
			buildSettings = {
				ALWAYS_SEARCH_USER_PATHS = NO;
				CLANG_ANALYZER_NONNULL = YES;
				CLANG_ANALYZER_NUMBER_OBJECT_CONVERSION = YES_AGGRESSIVE;
				CLANG_CXX_LANGUAGE_STANDARD = "gnu++14";
				CLANG_CXX_LIBRARY = "libc++";
				CLANG_ENABLE_MODULES = YES;
				CLANG_ENABLE_OBJC_ARC = YES;
				CLANG_ENABLE_OBJC_WEAK = YES;
				CLANG_WARN_BLOCK_CAPTURE_AUTORELEASING = YES;
				CLANG_WARN_BOOL_CONVERSION = YES;
				CLANG_WARN_COMMA = YES;
				CLANG_WARN_CONSTANT_CONVERSION = YES;
				CLANG_WARN_DEPRECATED_OBJC_IMPLEMENTATIONS = YES;
				CLANG_WARN_DIRECT_OBJC_ISA_USAGE = YES_ERROR;
				CLANG_WARN_DOCUMENTATION_COMMENTS = YES;
				CLANG_WARN_EMPTY_BODY = YES;
				CLANG_WARN_ENUM_CONVERSION = YES;
				CLANG_WARN_INFINITE_RECURSION = YES;
				CLANG_WARN_INT_CONVERSION = YES;
				CLANG_WARN_NON_LITERAL_NULL_CONVERSION = YES;
				CLANG_WARN_OBJC_IMPLICIT_RETAIN_SELF = YES;
				CLANG_WARN_OBJC_LITERAL_CONVERSION = YES;
				CLANG_WARN_OBJC_ROOT_CLASS = YES_ERROR;
				CLANG_WARN_RANGE_LOOP_ANALYSIS = YES;
				CLANG_WARN_STRICT_PROTOTYPES = YES;
				CLANG_WARN_SUSPICIOUS_MOVE = YES;
				CLANG_WARN_UNGUARDED_AVAILABILITY = YES_AGGRESSIVE;
				CLANG_WARN_UNREACHABLE_CODE = YES;
				CLANG_WARN__DUPLICATE_METHOD_MATCH = YES;
				COPY_PHASE_STRIP = NO;
				DEBUG_INFORMATION_FORMAT = dwarf;
				ENABLE_STRICT_OBJC_MSGSEND = YES;
				ENABLE_TESTABILITY = YES;
				GCC_C_LANGUAGE_STANDARD = gnu11;
				GCC_DYNAMIC_NO_PIC = NO;
				GCC_NO_COMMON_BLOCKS = YES;
				GCC_OPTIMIZATION_LEVEL = 0;
				GCC_PREPROCESSOR_DEFINITIONS = (
					"DEBUG=1",
					"$(inherited)",
				);
				GCC_WARN_64_TO_32_BIT_CONVERSION = YES;
				GCC_WARN_ABOUT_RETURN_TYPE = YES_ERROR;
				GCC_WARN_UNDECLARED_SELECTOR = YES;
				GCC_WARN_UNINITIALIZED_AUTOS = YES_AGGRESSIVE;
				GCC_WARN_UNUSED_FUNCTION = YES;
				GCC_WARN_UNUSED_VARIABLE = YES;
				IPHONEOS_DEPLOYMENT_TARGET = 13.0;
				MTL_ENABLE_DEBUG_INFO = INCLUDE_SOURCE;
				MTL_FAST_MATH = YES;
				ONLY_ACTIVE_ARCH = YES;
				SDKROOT = iphoneos;
				SWIFT_ACTIVE_COMPILATION_CONDITIONS = DEBUG;
				SWIFT_OPTIMIZATION_LEVEL = "-Onone";
			};
			name = Debug;
		};
		4496D6782385ADEB00294710 /* Release */ = {
			isa = XCBuildConfiguration;
			buildSettings = {
				ALWAYS_SEARCH_USER_PATHS = NO;
				CLANG_ANALYZER_NONNULL = YES;
				CLANG_ANALYZER_NUMBER_OBJECT_CONVERSION = YES_AGGRESSIVE;
				CLANG_CXX_LANGUAGE_STANDARD = "gnu++14";
				CLANG_CXX_LIBRARY = "libc++";
				CLANG_ENABLE_MODULES = YES;
				CLANG_ENABLE_OBJC_ARC = YES;
				CLANG_ENABLE_OBJC_WEAK = YES;
				CLANG_WARN_BLOCK_CAPTURE_AUTORELEASING = YES;
				CLANG_WARN_BOOL_CONVERSION = YES;
				CLANG_WARN_COMMA = YES;
				CLANG_WARN_CONSTANT_CONVERSION = YES;
				CLANG_WARN_DEPRECATED_OBJC_IMPLEMENTATIONS = YES;
				CLANG_WARN_DIRECT_OBJC_ISA_USAGE = YES_ERROR;
				CLANG_WARN_DOCUMENTATION_COMMENTS = YES;
				CLANG_WARN_EMPTY_BODY = YES;
				CLANG_WARN_ENUM_CONVERSION = YES;
				CLANG_WARN_INFINITE_RECURSION = YES;
				CLANG_WARN_INT_CONVERSION = YES;
				CLANG_WARN_NON_LITERAL_NULL_CONVERSION = YES;
				CLANG_WARN_OBJC_IMPLICIT_RETAIN_SELF = YES;
				CLANG_WARN_OBJC_LITERAL_CONVERSION = YES;
				CLANG_WARN_OBJC_ROOT_CLASS = YES_ERROR;
				CLANG_WARN_RANGE_LOOP_ANALYSIS = YES;
				CLANG_WARN_STRICT_PROTOTYPES = YES;
				CLANG_WARN_SUSPICIOUS_MOVE = YES;
				CLANG_WARN_UNGUARDED_AVAILABILITY = YES_AGGRESSIVE;
				CLANG_WARN_UNREACHABLE_CODE = YES;
				CLANG_WARN__DUPLICATE_METHOD_MATCH = YES;
				COPY_PHASE_STRIP = NO;
				DEBUG_INFORMATION_FORMAT = "dwarf-with-dsym";
				ENABLE_NS_ASSERTIONS = NO;
				ENABLE_STRICT_OBJC_MSGSEND = YES;
				GCC_C_LANGUAGE_STANDARD = gnu11;
				GCC_NO_COMMON_BLOCKS = YES;
				GCC_WARN_64_TO_32_BIT_CONVERSION = YES;
				GCC_WARN_ABOUT_RETURN_TYPE = YES_ERROR;
				GCC_WARN_UNDECLARED_SELECTOR = YES;
				GCC_WARN_UNINITIALIZED_AUTOS = YES_AGGRESSIVE;
				GCC_WARN_UNUSED_FUNCTION = YES;
				GCC_WARN_UNUSED_VARIABLE = YES;
				IPHONEOS_DEPLOYMENT_TARGET = 13.0;
				MTL_ENABLE_DEBUG_INFO = NO;
				MTL_FAST_MATH = YES;
				SDKROOT = iphoneos;
				SWIFT_COMPILATION_MODE = wholemodule;
				SWIFT_OPTIMIZATION_LEVEL = "-O";
				VALIDATE_PRODUCT = YES;
			};
			name = Release;
		};
		4496D67A2385ADEB00294710 /* Debug */ = {
			isa = XCBuildConfiguration;
			buildSettings = {
				ASSETCATALOG_COMPILER_APPICON_NAME = AppIcon;
				CODE_SIGN_ENTITLEMENTS = TimeCrumbs/TimeCrumbs.entitlements;
				CODE_SIGN_IDENTITY = "Apple Development";
				CODE_SIGN_STYLE = Automatic;
				CURRENT_PROJECT_VERSION = 17;
				DEVELOPMENT_TEAM = 6R9933TQJB;
				INFOPLIST_FILE = "$(SRCROOT)/TimeCrumbs/Supporting Files/Info.plist";
				IPHONEOS_DEPLOYMENT_TARGET = 13.0;
				LD_RUNPATH_SEARCH_PATHS = (
					"$(inherited)",
					"@executable_path/Frameworks",
				);
				PRODUCT_BUNDLE_IDENTIFIER = dev.convenientcode.TimeCrumbs;
				PRODUCT_NAME = "$(TARGET_NAME)";
				PROVISIONING_PROFILE_SPECIFIER = "";
				SWIFT_VERSION = 5.0;
				TARGETED_DEVICE_FAMILY = 1;
			};
			name = Debug;
		};
		4496D67B2385ADEB00294710 /* Release */ = {
			isa = XCBuildConfiguration;
			buildSettings = {
				ASSETCATALOG_COMPILER_APPICON_NAME = AppIcon;
				CODE_SIGN_ENTITLEMENTS = TimeCrumbs/TimeCrumbs.entitlements;
				CODE_SIGN_IDENTITY = "Apple Development";
				CODE_SIGN_STYLE = Automatic;
				CURRENT_PROJECT_VERSION = 17;
				DEVELOPMENT_TEAM = 6R9933TQJB;
				INFOPLIST_FILE = "$(SRCROOT)/TimeCrumbs/Supporting Files/Info.plist";
				IPHONEOS_DEPLOYMENT_TARGET = 13.0;
				LD_RUNPATH_SEARCH_PATHS = (
					"$(inherited)",
					"@executable_path/Frameworks",
				);
				PRODUCT_BUNDLE_IDENTIFIER = dev.convenientcode.TimeCrumbs;
				PRODUCT_NAME = "$(TARGET_NAME)";
				PROVISIONING_PROFILE_SPECIFIER = "";
				SWIFT_VERSION = 5.0;
				TARGETED_DEVICE_FAMILY = 1;
			};
			name = Release;
		};
		4496D67D2385ADEB00294710 /* Debug */ = {
			isa = XCBuildConfiguration;
			buildSettings = {
				ALWAYS_EMBED_SWIFT_STANDARD_LIBRARIES = YES;
				BUNDLE_LOADER = "$(TEST_HOST)";
				CODE_SIGN_STYLE = Automatic;
				DEVELOPMENT_TEAM = 6R9933TQJB;
				INFOPLIST_FILE = TimeCrumbsTests/Info.plist;
				IPHONEOS_DEPLOYMENT_TARGET = 13.2;
				LD_RUNPATH_SEARCH_PATHS = (
					"$(inherited)",
					"@executable_path/Frameworks",
					"@loader_path/Frameworks",
				);
				PRODUCT_BUNDLE_IDENTIFIER = dev.convenientcode.TimeCrumbsTests;
				PRODUCT_NAME = "$(TARGET_NAME)";
				SWIFT_VERSION = 5.0;
				TARGETED_DEVICE_FAMILY = "1,2";
				TEST_HOST = "$(BUILT_PRODUCTS_DIR)/TimeCrumbs.app/TimeCrumbs";
			};
			name = Debug;
		};
		4496D67E2385ADEB00294710 /* Release */ = {
			isa = XCBuildConfiguration;
			buildSettings = {
				ALWAYS_EMBED_SWIFT_STANDARD_LIBRARIES = YES;
				BUNDLE_LOADER = "$(TEST_HOST)";
				CODE_SIGN_STYLE = Automatic;
				DEVELOPMENT_TEAM = 6R9933TQJB;
				INFOPLIST_FILE = TimeCrumbsTests/Info.plist;
				IPHONEOS_DEPLOYMENT_TARGET = 13.2;
				LD_RUNPATH_SEARCH_PATHS = (
					"$(inherited)",
					"@executable_path/Frameworks",
					"@loader_path/Frameworks",
				);
				PRODUCT_BUNDLE_IDENTIFIER = dev.convenientcode.TimeCrumbsTests;
				PRODUCT_NAME = "$(TARGET_NAME)";
				SWIFT_VERSION = 5.0;
				TARGETED_DEVICE_FAMILY = "1,2";
				TEST_HOST = "$(BUILT_PRODUCTS_DIR)/TimeCrumbs.app/TimeCrumbs";
			};
			name = Release;
		};
		4496D6802385ADEB00294710 /* Debug */ = {
			isa = XCBuildConfiguration;
			buildSettings = {
				ALWAYS_EMBED_SWIFT_STANDARD_LIBRARIES = YES;
				CODE_SIGN_STYLE = Automatic;
				DEVELOPMENT_TEAM = 6R9933TQJB;
				INFOPLIST_FILE = TimeCrumbsUITests/Info.plist;
				LD_RUNPATH_SEARCH_PATHS = (
					"$(inherited)",
					"@executable_path/Frameworks",
					"@loader_path/Frameworks",
				);
				PRODUCT_BUNDLE_IDENTIFIER = dev.convenientcode.TimeCrumbsUITests;
				PRODUCT_NAME = "$(TARGET_NAME)";
				SWIFT_VERSION = 5.0;
				TARGETED_DEVICE_FAMILY = "1,2";
				TEST_TARGET_NAME = TimeCrumbs;
			};
			name = Debug;
		};
		4496D6812385ADEB00294710 /* Release */ = {
			isa = XCBuildConfiguration;
			buildSettings = {
				ALWAYS_EMBED_SWIFT_STANDARD_LIBRARIES = YES;
				CODE_SIGN_STYLE = Automatic;
				DEVELOPMENT_TEAM = 6R9933TQJB;
				INFOPLIST_FILE = TimeCrumbsUITests/Info.plist;
				LD_RUNPATH_SEARCH_PATHS = (
					"$(inherited)",
					"@executable_path/Frameworks",
					"@loader_path/Frameworks",
				);
				PRODUCT_BUNDLE_IDENTIFIER = dev.convenientcode.TimeCrumbsUITests;
				PRODUCT_NAME = "$(TARGET_NAME)";
				SWIFT_VERSION = 5.0;
				TARGETED_DEVICE_FAMILY = "1,2";
				TEST_TARGET_NAME = TimeCrumbs;
			};
			name = Release;
		};
/* End XCBuildConfiguration section */

/* Begin XCConfigurationList section */
		4496D6472385ADE800294710 /* Build configuration list for PBXProject "TimeCrumbs" */ = {
			isa = XCConfigurationList;
			buildConfigurations = (
				4496D6772385ADEB00294710 /* Debug */,
				4496D6782385ADEB00294710 /* Release */,
			);
			defaultConfigurationIsVisible = 0;
			defaultConfigurationName = Release;
		};
		4496D6792385ADEB00294710 /* Build configuration list for PBXNativeTarget "TimeCrumbs" */ = {
			isa = XCConfigurationList;
			buildConfigurations = (
				4496D67A2385ADEB00294710 /* Debug */,
				4496D67B2385ADEB00294710 /* Release */,
			);
			defaultConfigurationIsVisible = 0;
			defaultConfigurationName = Release;
		};
		4496D67C2385ADEB00294710 /* Build configuration list for PBXNativeTarget "TimeCrumbsTests" */ = {
			isa = XCConfigurationList;
			buildConfigurations = (
				4496D67D2385ADEB00294710 /* Debug */,
				4496D67E2385ADEB00294710 /* Release */,
			);
			defaultConfigurationIsVisible = 0;
			defaultConfigurationName = Release;
		};
		4496D67F2385ADEB00294710 /* Build configuration list for PBXNativeTarget "TimeCrumbsUITests" */ = {
			isa = XCConfigurationList;
			buildConfigurations = (
				4496D6802385ADEB00294710 /* Debug */,
				4496D6812385ADEB00294710 /* Release */,
			);
			defaultConfigurationIsVisible = 0;
			defaultConfigurationName = Release;
		};
/* End XCConfigurationList section */

/* Begin XCVersionGroup section */
		4496D6582385ADE800294710 /* TimeCrumbs.xcdatamodeld */ = {
			isa = XCVersionGroup;
			children = (
				4496D6592385ADE800294710 /* TimeCrumbs.xcdatamodel */,
			);
			currentVersion = 4496D6592385ADE800294710 /* TimeCrumbs.xcdatamodel */;
			path = TimeCrumbs.xcdatamodeld;
			sourceTree = "<group>";
			versionGroupType = wrapper.xcdatamodel;
		};
/* End XCVersionGroup section */
	};
	rootObject = 4496D6442385ADE800294710 /* Project object */;
}
